
Microsoft Visual Studio Solution File, Format Version 12.00
# Visual Studio Version 17
VisualStudioVersion = 17.5.002.0
MinimumVisualStudioVersion = 10.0.40219.1
Project("{9A19103F-16F7-4668-BE54-9A1E7A4F7556}") = "3DVoxelEngine", "3DVoxelEngine.csproj", "{92EEBD6E-675D-4822-BB36-C6F037124FF1}"
EndProject
Global
	GlobalSection(SolutionConfigurationPlatforms) = preSolution
		Debug|Any CPU = Debug|Any CPU
		Release|Any CPU = Release|Any CPU
	EndGlobalSection
	GlobalSection(ProjectConfigurationPlatforms) = postSolution
		{92EEBD6E-675D-4822-BB36-C6F037124FF1}.Debug|Any CPU.ActiveCfg = Debug|Any CPU
		{92EEBD6E-675D-4822-BB36-C6F037124FF1}.Debug|Any CPU.Build.0 = Debug|Any CPU
		{92EEBD6E-675D-4822-BB36-C6F037124FF1}.Release|Any CPU.ActiveCfg = Release|Any CPU
		{92EEBD6E-675D-4822-BB36-C6F037124FF1}.Release|Any CPU.Build.0 = Release|Any CPU
	EndGlobalSection
	GlobalSection(SolutionProperties) = preSolution
		HideSolutionNode = FALSE
	EndGlobalSection
	GlobalSection(ExtensibilityGlobals) = postSolution
		SolutionGuid = {F0B8EDF7-95CA-44E1-AA3F-3CC22F4BEA82}
	EndGlobalSection
EndGlobal
